
Microsoft Visual Studio Solution File, Format Version 12.00
# Visual Studio 14
VisualStudioVersion = 14.0.25420.1
MinimumVisualStudioVersion = 10.0.40219.1
Project("{2150E333-8FDC-42A3-9474-1A3956D46DE8}") = "Infrastructures", "Infrastructures", "{0E8BDDAE-D15E-4CBB-80C7-D9327A3A49B1}"
EndProject
Project("{FAE04EC0-301F-11D3-BF4B-00C04F79EFBC}") = "Application", "Application\Application.csproj", "{B731B153-38CD-4043-AE5F-B46302B4D310}"
EndProject
Project("{FAE04EC0-301F-11D3-BF4B-00C04F79EFBC}") = "Core", "Core\Core.csproj", "{9EFA088C-87EF-4270-85FC-10418C4529CE}"
EndProject
Project("{FAE04EC0-301F-11D3-BF4B-00C04F79EFBC}") = "Data", "Data\Data.csproj", "{2253BE75-D4A9-4865-AC93-DBA1FD9DB777}"
EndProject
Project("{FAE04EC0-301F-11D3-BF4B-00C04F79EFBC}") = "Infrastructure", "Infrastructure\Infrastructure.csproj", "{6DEE6AC9-2F19-4E2E-98CB-9638E0CCB78A}"
EndProject
Project("{2150E333-8FDC-42A3-9474-1A3956D46DE8}") = "Presentations", "Presentations", "{14F8C9B2-A94D-4216-BBC3-D1807E4642D6}"
EndProject
Project("{FAE04EC0-301F-11D3-BF4B-00C04F79EFBC}") = "BLL", "UsedCarsFinance\BLL\BLL.csproj", "{2881C719-81E4-42C3-8D1F-9A7EC452A47A}"
EndProject
Project("{FAE04EC0-301F-11D3-BF4B-00C04F79EFBC}") = "DAL", "UsedCarsFinance\DAL\DAL.csproj", "{2EFA8850-862E-4693-B07C-9537983F5883}"
EndProject
Project("{FAE04EC0-301F-11D3-BF4B-00C04F79EFBC}") = "TSL", "UsedCarsFinance\TSL\TSL.csproj", "{AC4E96AD-19DA-4093-B5EF-EF9DA3EDC4B5}"
EndProject
Project("{FAE04EC0-301F-11D3-BF4B-00C04F79EFBC}") = "Model", "UsedCarsFinance\Model\Model.csproj", "{78D8115D-9CA8-49C9-A2C1-02DC3C7BA828}"
EndProject
Project("{FAE04EC0-301F-11D3-BF4B-00C04F79EFBC}") = "Web", "UsedCarsFinance\Web\Web.csproj", "{51793ED4-958F-49CC-A631-1946CF20ADD2}"
EndProject
Project("{FAE04EC0-301F-11D3-BF4B-00C04F79EFBC}") = "ShrileFinance", "ShrileFinance\ShrileFinance.csproj", "{9CB0134E-089C-494C-99B7-CEC9B30864E3}"
EndProject
Project("{FAE04EC0-301F-11D3-BF4B-00C04F79EFBC}") = "Application.Test", "Application.Test\Application.Test.csproj", "{06263515-CDD1-4DC4-ACCE-8AD487D175C4}"
EndProject
Global
	GlobalSection(SolutionConfigurationPlatforms) = preSolution
		Debug|Any CPU = Debug|Any CPU
		Release|Any CPU = Release|Any CPU
	EndGlobalSection
	GlobalSection(ProjectConfigurationPlatforms) = postSolution
		{B731B153-38CD-4043-AE5F-B46302B4D310}.Debug|Any CPU.ActiveCfg = Debug|Any CPU
		{B731B153-38CD-4043-AE5F-B46302B4D310}.Debug|Any CPU.Build.0 = Debug|Any CPU
		{B731B153-38CD-4043-AE5F-B46302B4D310}.Release|Any CPU.ActiveCfg = Release|Any CPU
		{B731B153-38CD-4043-AE5F-B46302B4D310}.Release|Any CPU.Build.0 = Release|Any CPU
		{9EFA088C-87EF-4270-85FC-10418C4529CE}.Debug|Any CPU.ActiveCfg = Debug|Any CPU
		{9EFA088C-87EF-4270-85FC-10418C4529CE}.Debug|Any CPU.Build.0 = Debug|Any CPU
		{9EFA088C-87EF-4270-85FC-10418C4529CE}.Release|Any CPU.ActiveCfg = Release|Any CPU
		{9EFA088C-87EF-4270-85FC-10418C4529CE}.Release|Any CPU.Build.0 = Release|Any CPU
		{2253BE75-D4A9-4865-AC93-DBA1FD9DB777}.Debug|Any CPU.ActiveCfg = Debug|Any CPU
		{2253BE75-D4A9-4865-AC93-DBA1FD9DB777}.Debug|Any CPU.Build.0 = Debug|Any CPU
		{2253BE75-D4A9-4865-AC93-DBA1FD9DB777}.Release|Any CPU.ActiveCfg = Release|Any CPU
		{2253BE75-D4A9-4865-AC93-DBA1FD9DB777}.Release|Any CPU.Build.0 = Release|Any CPU
		{6DEE6AC9-2F19-4E2E-98CB-9638E0CCB78A}.Debug|Any CPU.ActiveCfg = Debug|Any CPU
		{6DEE6AC9-2F19-4E2E-98CB-9638E0CCB78A}.Debug|Any CPU.Build.0 = Debug|Any CPU
		{6DEE6AC9-2F19-4E2E-98CB-9638E0CCB78A}.Release|Any CPU.ActiveCfg = Release|Any CPU
		{6DEE6AC9-2F19-4E2E-98CB-9638E0CCB78A}.Release|Any CPU.Build.0 = Release|Any CPU
		{2881C719-81E4-42C3-8D1F-9A7EC452A47A}.Debug|Any CPU.ActiveCfg = Debug|Any CPU
		{2881C719-81E4-42C3-8D1F-9A7EC452A47A}.Debug|Any CPU.Build.0 = Debug|Any CPU
		{2881C719-81E4-42C3-8D1F-9A7EC452A47A}.Release|Any CPU.ActiveCfg = Release|Any CPU
		{2881C719-81E4-42C3-8D1F-9A7EC452A47A}.Release|Any CPU.Build.0 = Release|Any CPU
		{2EFA8850-862E-4693-B07C-9537983F5883}.Debug|Any CPU.ActiveCfg = Debug|Any CPU
		{2EFA8850-862E-4693-B07C-9537983F5883}.Debug|Any CPU.Build.0 = Debug|Any CPU
		{2EFA8850-862E-4693-B07C-9537983F5883}.Release|Any CPU.ActiveCfg = Release|Any CPU
		{2EFA8850-862E-4693-B07C-9537983F5883}.Release|Any CPU.Build.0 = Release|Any CPU
		{AC4E96AD-19DA-4093-B5EF-EF9DA3EDC4B5}.Debug|Any CPU.ActiveCfg = Debug|Any CPU
		{AC4E96AD-19DA-4093-B5EF-EF9DA3EDC4B5}.Debug|Any CPU.Build.0 = Debug|Any CPU
		{AC4E96AD-19DA-4093-B5EF-EF9DA3EDC4B5}.Release|Any CPU.ActiveCfg = Release|Any CPU
		{AC4E96AD-19DA-4093-B5EF-EF9DA3EDC4B5}.Release|Any CPU.Build.0 = Release|Any CPU
		{78D8115D-9CA8-49C9-A2C1-02DC3C7BA828}.Debug|Any CPU.ActiveCfg = Debug|Any CPU
		{78D8115D-9CA8-49C9-A2C1-02DC3C7BA828}.Debug|Any CPU.Build.0 = Debug|Any CPU
		{78D8115D-9CA8-49C9-A2C1-02DC3C7BA828}.Release|Any CPU.ActiveCfg = Release|Any CPU
		{78D8115D-9CA8-49C9-A2C1-02DC3C7BA828}.Release|Any CPU.Build.0 = Release|Any CPU
		{51793ED4-958F-49CC-A631-1946CF20ADD2}.Debug|Any CPU.ActiveCfg = Debug|Any CPU
		{51793ED4-958F-49CC-A631-1946CF20ADD2}.Debug|Any CPU.Build.0 = Debug|Any CPU
		{51793ED4-958F-49CC-A631-1946CF20ADD2}.Release|Any CPU.ActiveCfg = Release|Any CPU
		{51793ED4-958F-49CC-A631-1946CF20ADD2}.Release|Any CPU.Build.0 = Release|Any CPU
		{9CB0134E-089C-494C-99B7-CEC9B30864E3}.Debug|Any CPU.ActiveCfg = Debug|Any CPU
		{9CB0134E-089C-494C-99B7-CEC9B30864E3}.Debug|Any CPU.Build.0 = Debug|Any CPU
		{9CB0134E-089C-494C-99B7-CEC9B30864E3}.Release|Any CPU.ActiveCfg = Release|Any CPU
		{9CB0134E-089C-494C-99B7-CEC9B30864E3}.Release|Any CPU.Build.0 = Release|Any CPU
		{06263515-CDD1-4DC4-ACCE-8AD487D175C4}.Debug|Any CPU.ActiveCfg = Debug|Any CPU
		{06263515-CDD1-4DC4-ACCE-8AD487D175C4}.Debug|Any CPU.Build.0 = Debug|Any CPU
		{06263515-CDD1-4DC4-ACCE-8AD487D175C4}.Release|Any CPU.ActiveCfg = Release|Any CPU
		{06263515-CDD1-4DC4-ACCE-8AD487D175C4}.Release|Any CPU.Build.0 = Release|Any CPU
	EndGlobalSection
	GlobalSection(SolutionProperties) = preSolution
		HideSolutionNode = FALSE
	EndGlobalSection
	GlobalSection(NestedProjects) = preSolution
		{2253BE75-D4A9-4865-AC93-DBA1FD9DB777} = {0E8BDDAE-D15E-4CBB-80C7-D9327A3A49B1}
		{6DEE6AC9-2F19-4E2E-98CB-9638E0CCB78A} = {0E8BDDAE-D15E-4CBB-80C7-D9327A3A49B1}
		{2881C719-81E4-42C3-8D1F-9A7EC452A47A} = {14F8C9B2-A94D-4216-BBC3-D1807E4642D6}
		{2EFA8850-862E-4693-B07C-9537983F5883} = {14F8C9B2-A94D-4216-BBC3-D1807E4642D6}
		{AC4E96AD-19DA-4093-B5EF-EF9DA3EDC4B5} = {14F8C9B2-A94D-4216-BBC3-D1807E4642D6}
		{78D8115D-9CA8-49C9-A2C1-02DC3C7BA828} = {14F8C9B2-A94D-4216-BBC3-D1807E4642D6}
		{51793ED4-958F-49CC-A631-1946CF20ADD2} = {14F8C9B2-A94D-4216-BBC3-D1807E4642D6}
		{9CB0134E-089C-494C-99B7-CEC9B30864E3} = {14F8C9B2-A94D-4216-BBC3-D1807E4642D6}
	EndGlobalSection
EndGlobal
